{
  "name": "vue3-ts-vite-element_plus-template",
  "version": "0.0.0",
  "lockfileVersion": 1,
  "requires": true,
  "dependencies": {
    "element-plus": {
      "version": "1.1.0-beta.20",
      "resolved": "https://r.cnpmjs.org/element-plus/download/element-plus-1.1.0-beta.20.tgz",
      "integrity": "sha1-WVI8maiMpIgdiZuou4HEqSc+2CI=",
      "requires": {
        "@popperjs/core": "^2.10.1",
        "@vueuse/core": "~6.1.0",
        "async-validator": "^4.0.3",
        "dayjs": "^1.10.7",
        "lodash": "^4.17.21",
        "memoize-one": "^5.2.1",
        "normalize-wheel-es": "^1.1.0",
        "resize-observer-polyfill": "^1.5.1"
      },
      "dependencies": {
        "@popperjs/core": {
          "version": "2.10.2",
          "resolved": "https://r.cnpmjs.org/@popperjs/core/download/@popperjs/core-2.10.2.tgz",
          "integrity": "sha1-B5jAM1Hw3qGlpMq93yalWny+5ZA="
        },
        "@vueuse/core": {
          "version": "6.1.0",
          "resolved": "https://r.cnpmjs.org/@vueuse/core/download/@vueuse/core-6.1.0.tgz",
          "integrity": "sha1-gTfCkc9JsRwt7aTVB5CW5Vs2/Cg=",
          "requires": {
            "@vueuse/shared": "6.1.0",
            "vue-demi": "*"
          }
        },
        "@vueuse/shared": {
          "version": "6.1.0",
          "resolved": "https://r.cnpmjs.org/@vueuse/shared/download/@vueuse/shared-6.1.0.tgz",
          "integrity": "sha1-E3X9Qazv5S+aGELzxqijSHhlNbo=",
          "requires": {
            "vue-demi": "*"
          }
        },
        "async-validator": {
          "version": "4.0.3",
          "resolved": "https://r.cnpmjs.org/async-validator/download/async-validator-4.0.3.tgz",
          "integrity": "sha1-yOzWso/I4YsUvk7HxwRkH5mdN30="
        },
        "dayjs": {
          "version": "1.10.7",
          "resolved": "https://r.cnpmjs.org/dayjs/download/dayjs-1.10.7.tgz",
          "integrity": "sha1-LPX5Gt0oEWdIRAhmoKHSbzps5Gg="
        },
        "lodash": {
          "version": "4.17.21",
          "resolved": "https://r.cnpmjs.org/lodash/download/lodash-4.17.21.tgz",
          "integrity": "sha1-Z5WRxWTDv/quhFTPCz3zcMPWkRw="
        },
        "memoize-one": {
          "version": "5.2.1",
          "resolved": "https://r.cnpmjs.org/memoize-one/download/memoize-one-5.2.1.tgz",
          "integrity": "sha1-gzeqPEM1WBg57AHD1ZQJDOvo8A4="
        },
        "normalize-wheel-es": {
          "version": "1.1.0",
          "resolved": "https://r.cnpmjs.org/normalize-wheel-es/download/normalize-wheel-es-1.1.0.tgz",
          "integrity": "sha1-2wF68d1dTGIiwHrji8IkBJ0lhh4="
        },
        "resize-observer-polyfill": {
          "version": "1.5.1",
          "resolved": "https://r.cnpmjs.org/resize-observer-polyfill/download/resize-observer-polyfill-1.5.1.tgz",
          "integrity": "sha1-DpAg3T0hAkRY1OvSfiPkAmmBBGQ="
        }
      }
    },
    "vue-demi": {
      "version": "0.11.4",
      "resolved": "https://r.cnpmjs.org/vue-demi/download/vue-demi-0.11.4.tgz",
      "integrity": "sha1-YQGZL+RyTPVjQBihbpU/MFLpTio="
    }
  }
}
